
Microsoft Visual Studio Solution File, Format Version 12.00
# Visual Studio Version 17
VisualStudioVersion = 17.5.002.0
MinimumVisualStudioVersion = 10.0.40219.1
Project("{9A19103F-16F7-4668-BE54-9A1E7A4F7556}") = "YMA", "YMA.csproj", "{2216E56E-BA09-4905-B837-8F2477988622}"
EndProject
Global
	GlobalSection(SolutionConfigurationPlatforms) = preSolution
		Debug|Any CPU = Debug|Any CPU
		Release|Any CPU = Release|Any CPU
	EndGlobalSection
	GlobalSection(ProjectConfigurationPlatforms) = postSolution
		{2216E56E-BA09-4905-B837-8F2477988622}.Debug|Any CPU.ActiveCfg = Debug|Any CPU
		{2216E56E-BA09-4905-B837-8F2477988622}.Debug|Any CPU.Build.0 = Debug|Any CPU
		{2216E56E-BA09-4905-B837-8F2477988622}.Release|Any CPU.ActiveCfg = Release|Any CPU
		{2216E56E-BA09-4905-B837-8F2477988622}.Release|Any CPU.Build.0 = Release|Any CPU
	EndGlobalSection
	GlobalSection(SolutionProperties) = preSolution
		HideSolutionNode = FALSE
	EndGlobalSection
	GlobalSection(ExtensibilityGlobals) = postSolution
		SolutionGuid = {C7705DE9-7C0F-4DAF-B4B5-E77A12293643}
	EndGlobalSection
EndGlobal
